
Microsoft Visual Studio Solution File, Format Version 12.00
# Visual Studio Version 17
VisualStudioVersion = 17.9.34622.214
MinimumVisualStudioVersion = 15.0.26124.0
Project("{9A19103F-16F7-4668-BE54-9A1E7A4F7556}") = "BKey.Email.Serverless.EmailIngestion", "BKey.Email.Serverless.EmailIngestion\BKey.Email.Serverless.EmailIngestion.csproj", "{5B0CFD6B-C1CD-406D-9226-EF5F5CDC08E6}"
EndProject
Project("{9A19103F-16F7-4668-BE54-9A1E7A4F7556}") = "BKey.Email.Serverless.Infra", "BKey.Email.Serverless.Infra\BKey.Email.Serverless.Infra.csproj", "{B72CB892-7196-4F14-BB51-083D70AA092E}"
EndProject
Project("{9A19103F-16F7-4668-BE54-9A1E7A4F7556}") = "BKey.Email.Imap", "BKey.Email.Imap\BKey.Email.Imap.csproj", "{96200830-E955-456D-8AE5-8C591069B449}"
EndProject
Project("{FAE04EC0-301F-11D3-BF4B-00C04F79EFBC}") = "BKey.Email.Serverless.EmailIngestion.Tests", "BKey.Email.Serverless.EmailIngestion.Tests\BKey.Email.Serverless.EmailIngestion.Tests.csproj", "{AF93FAB6-D492-466E-8C74-AEDA3249EC64}"
EndProject
Global
	GlobalSection(SolutionConfigurationPlatforms) = preSolution
		Debug|Any CPU = Debug|Any CPU
		Debug|x64 = Debug|x64
		Debug|x86 = Debug|x86
		Release|Any CPU = Release|Any CPU
		Release|x64 = Release|x64
		Release|x86 = Release|x86
	EndGlobalSection
	GlobalSection(ProjectConfigurationPlatforms) = postSolution
		{5B0CFD6B-C1CD-406D-9226-EF5F5CDC08E6}.Debug|Any CPU.ActiveCfg = Debug|Any CPU
		{5B0CFD6B-C1CD-406D-9226-EF5F5CDC08E6}.Debug|Any CPU.Build.0 = Debug|Any CPU
		{5B0CFD6B-C1CD-406D-9226-EF5F5CDC08E6}.Debug|x64.ActiveCfg = Debug|Any CPU
		{5B0CFD6B-C1CD-406D-9226-EF5F5CDC08E6}.Debug|x64.Build.0 = Debug|Any CPU
		{5B0CFD6B-C1CD-406D-9226-EF5F5CDC08E6}.Debug|x86.ActiveCfg = Debug|Any CPU
		{5B0CFD6B-C1CD-406D-9226-EF5F5CDC08E6}.Debug|x86.Build.0 = Debug|Any CPU
		{5B0CFD6B-C1CD-406D-9226-EF5F5CDC08E6}.Release|Any CPU.ActiveCfg = Release|Any CPU
		{5B0CFD6B-C1CD-406D-9226-EF5F5CDC08E6}.Release|Any CPU.Build.0 = Release|Any CPU
		{5B0CFD6B-C1CD-406D-9226-EF5F5CDC08E6}.Release|x64.ActiveCfg = Release|Any CPU
		{5B0CFD6B-C1CD-406D-9226-EF5F5CDC08E6}.Release|x64.Build.0 = Release|Any CPU
		{5B0CFD6B-C1CD-406D-9226-EF5F5CDC08E6}.Release|x86.ActiveCfg = Release|Any CPU
		{5B0CFD6B-C1CD-406D-9226-EF5F5CDC08E6}.Release|x86.Build.0 = Release|Any CPU
		{B72CB892-7196-4F14-BB51-083D70AA092E}.Debug|Any CPU.ActiveCfg = Debug|Any CPU
		{B72CB892-7196-4F14-BB51-083D70AA092E}.Debug|Any CPU.Build.0 = Debug|Any CPU
		{B72CB892-7196-4F14-BB51-083D70AA092E}.Debug|x64.ActiveCfg = Debug|Any CPU
		{B72CB892-7196-4F14-BB51-083D70AA092E}.Debug|x64.Build.0 = Debug|Any CPU
		{B72CB892-7196-4F14-BB51-083D70AA092E}.Debug|x86.ActiveCfg = Debug|Any CPU
		{B72CB892-7196-4F14-BB51-083D70AA092E}.Debug|x86.Build.0 = Debug|Any CPU
		{B72CB892-7196-4F14-BB51-083D70AA092E}.Release|Any CPU.ActiveCfg = Release|Any CPU
		{B72CB892-7196-4F14-BB51-083D70AA092E}.Release|Any CPU.Build.0 = Release|Any CPU
		{B72CB892-7196-4F14-BB51-083D70AA092E}.Release|x64.ActiveCfg = Release|Any CPU
		{B72CB892-7196-4F14-BB51-083D70AA092E}.Release|x64.Build.0 = Release|Any CPU
		{B72CB892-7196-4F14-BB51-083D70AA092E}.Release|x86.ActiveCfg = Release|Any CPU
		{B72CB892-7196-4F14-BB51-083D70AA092E}.Release|x86.Build.0 = Release|Any CPU
		{96200830-E955-456D-8AE5-8C591069B449}.Debug|Any CPU.ActiveCfg = Debug|Any CPU
		{96200830-E955-456D-8AE5-8C591069B449}.Debug|Any CPU.Build.0 = Debug|Any CPU
		{96200830-E955-456D-8AE5-8C591069B449}.Debug|x64.ActiveCfg = Debug|Any CPU
		{96200830-E955-456D-8AE5-8C591069B449}.Debug|x64.Build.0 = Debug|Any CPU
		{96200830-E955-456D-8AE5-8C591069B449}.Debug|x86.ActiveCfg = Debug|Any CPU
		{96200830-E955-456D-8AE5-8C591069B449}.Debug|x86.Build.0 = Debug|Any CPU
		{96200830-E955-456D-8AE5-8C591069B449}.Release|Any CPU.ActiveCfg = Release|Any CPU
		{96200830-E955-456D-8AE5-8C591069B449}.Release|Any CPU.Build.0 = Release|Any CPU
		{96200830-E955-456D-8AE5-8C591069B449}.Release|x64.ActiveCfg = Release|Any CPU
		{96200830-E955-456D-8AE5-8C591069B449}.Release|x64.Build.0 = Release|Any CPU
		{96200830-E955-456D-8AE5-8C591069B449}.Release|x86.ActiveCfg = Release|Any CPU
		{96200830-E955-456D-8AE5-8C591069B449}.Release|x86.Build.0 = Release|Any CPU
		{AF93FAB6-D492-466E-8C74-AEDA3249EC64}.Debug|Any CPU.ActiveCfg = Debug|Any CPU
		{AF93FAB6-D492-466E-8C74-AEDA3249EC64}.Debug|Any CPU.Build.0 = Debug|Any CPU
		{AF93FAB6-D492-466E-8C74-AEDA3249EC64}.Debug|x64.ActiveCfg = Debug|Any CPU
		{AF93FAB6-D492-466E-8C74-AEDA3249EC64}.Debug|x64.Build.0 = Debug|Any CPU
		{AF93FAB6-D492-466E-8C74-AEDA3249EC64}.Debug|x86.ActiveCfg = Debug|Any CPU
		{AF93FAB6-D492-466E-8C74-AEDA3249EC64}.Debug|x86.Build.0 = Debug|Any CPU
		{AF93FAB6-D492-466E-8C74-AEDA3249EC64}.Release|Any CPU.ActiveCfg = Release|Any CPU
		{AF93FAB6-D492-466E-8C74-AEDA3249EC64}.Release|Any CPU.Build.0 = Release|Any CPU
		{AF93FAB6-D492-466E-8C74-AEDA3249EC64}.Release|x64.ActiveCfg = Release|Any CPU
		{AF93FAB6-D492-466E-8C74-AEDA3249EC64}.Release|x64.Build.0 = Release|Any CPU
		{AF93FAB6-D492-466E-8C74-AEDA3249EC64}.Release|x86.ActiveCfg = Release|Any CPU
		{AF93FAB6-D492-466E-8C74-AEDA3249EC64}.Release|x86.Build.0 = Release|Any CPU
	EndGlobalSection
	GlobalSection(SolutionProperties) = preSolution
		HideSolutionNode = FALSE
	EndGlobalSection
	GlobalSection(ExtensibilityGlobals) = postSolution
		SolutionGuid = {FD623F14-A603-4494-8689-267CFA1ED4C4}
	EndGlobalSection
EndGlobal
